
Microsoft Visual Studio Solution File, Format Version 12.00
# Visual Studio Version 16
VisualStudioVersion = 16.0.35731.53
MinimumVisualStudioVersion = 10.0.40219.1
Project("{FAE04EC0-301F-11D3-BF4B-00C04F79EFBC}") = "Model", "Model.csproj", "{6B56540E-1CC5-46DD-BF72-339A6BE3E24C}"
EndProject
Global
	GlobalSection(SolutionConfigurationPlatforms) = preSolution
		Debug|Any CPU = Debug|Any CPU
		Release|Any CPU = Release|Any CPU
	EndGlobalSection
	GlobalSection(ProjectConfigurationPlatforms) = postSolution
		{6B56540E-1CC5-46DD-BF72-339A6BE3E24C}.Debug|Any CPU.ActiveCfg = Debug|Any CPU
		{6B56540E-1CC5-46DD-BF72-339A6BE3E24C}.Debug|Any CPU.Build.0 = Debug|Any CPU
		{6B56540E-1CC5-46DD-BF72-339A6BE3E24C}.Release|Any CPU.ActiveCfg = Release|Any CPU
		{6B56540E-1CC5-46DD-BF72-339A6BE3E24C}.Release|Any CPU.Build.0 = Release|Any CPU
	EndGlobalSection
	GlobalSection(SolutionProperties) = preSolution
		HideSolutionNode = FALSE
	EndGlobalSection
	GlobalSection(ExtensibilityGlobals) = postSolution
		SolutionGuid = {1B3E9824-F37F-4DB6-BA9B-B189B03BCFA0}
	EndGlobalSection
EndGlobal
